// !$*UTF8*$!
{
	archiveVersion = 1;
	classes = {
	};
	objectVersion = 77;
	objects = {

/* Begin PBXContainerItemProxy section */
		C0C93AA2301ECAA400D7FAB0 /* PBXContainerItemProxy */ = {
			isa = PBXContainerItemProxy;
			containerPortal = C0C93A8C301ECAA300D7FAB0 /* Project object */;
			proxyType = 1;
			remoteGlobalIDString = C0C93A93301ECAA300D7FAB0;
			remoteInfo = ResourceRunner;
		};
		C0C93AAC301ECAA400D7FAB0 /* PBXContainerItemProxy */ = {
			isa = PBXContainerItemProxy;
			containerPortal = C0C93A8C301ECAA300D7FAB0 /* Project object */;
			proxyType = 1;
			remoteGlobalIDString = C0C93A93301ECAA300D7FAB0;
			remoteInfo = ResourceRunner;
		};
/* End PBXContainerItemProxy section */

/* Begin PBXFileReference section */
		C0C93A94301ECAA300D7FAB0 /* ResourceRunner.app */ = {isa = PBXFileReference; explicitFileType = wrapper.application; includeInIndex = 0; path = ResourceRunner.app; sourceTree = BUILT_PRODUCTS_DIR; };
		C0C93AA1301ECAA400D7FAB0 /* ResourceRunnerTests.xctest */ = {isa = PBXFileReference; explicitFileType = wrapper.cfbundle; includeInIndex = 0; path = ResourceRunnerTests.xctest; sourceTree = BUILT_PRODUCTS_DIR; };
		C0C93AAB301ECAA400D7FAB0 /* ResourceRunnerUITests.xctest */ = {isa = PBXFileReference; explicitFileType = wrapper.cfbundle; includeInIndex = 0; path = ResourceRunnerUITests.xctest; sourceTree = BUILT_PRODUCTS_DIR; };
/* End PBXFileReference section */

/* Begin PBXFileSystemSynchronizedRootGroup section */
		C0C93A96301ECAA300D7FAB0 /* ResourceRunner */ = {
			isa = PBXFileSystemSynchronizedRootGroup;
			path = ResourceRunner;
			sourceTree = "<group>";
		};
		C0C93AA4301ECAA400D7FAB0 /* ResourceRunnerTests */ = {
			isa = PBXFileSystemSynchronizedRootGroup;
			path = ResourceRunnerTests;
			sourceTree = "<group>";
		};
		C0C93AAE301ECAA400D7FAB0 /* ResourceRunnerUITests */ = {
			isa = PBXFileSystemSynchronizedRootGroup;
			path = ResourceRunnerUITests;
			sourceTree = "<group>";
		};
/* End PBXFileSystemSynchronizedRootGroup section */

/* Begin PBXFrameworksBuildPhase section */
		C0C93A91301ECAA300D7FAB0 /* Frameworks */ = {
			isa = PBXFrameworksBuildPhase;
			buildActionMask = 2147483647;
			files = (
			);
			runOnlyForDeploymentPostprocessing = 0;
		};
		C0C93A9E301ECAA400D7FAB0 /* Frameworks */ = {
			isa = PBXFrameworksBuildPhase;
			buildActionMask = 2147483647;
			files = (
			);
			runOnlyForDeploymentPostprocessing = 0;
		};
		C0C93AA8301ECAA400D7FAB0 /* Frameworks */ = {
			isa = PBXFrameworksBuildPhase;
			buildActionMask = 2147483647;
			files = (
			);
			runOnlyForDeploymentPostprocessing = 0;
		};
/* End PBXFrameworksBuildPhase section */

/* Begin PBXGroup section */
		C0C93A8B301ECAA300D7FAB0 = {
			isa = PBXGroup;
			children = (
				C0C93A96301ECAA300D7FAB0 /* ResourceRunner */,
				C0C93AA4301ECAA400D7FAB0 /* ResourceRunnerTests */,
				C0C93AAE301ECAA400D7FAB0 /* ResourceRunnerUITests */,
				C0C93A95301ECAA300D7FAB0 /* Products */,
			);
			sourceTree = "<group>";
		};
		C0C93A95301ECAA300D7FAB0 /* Products */ = {
			isa = PBXGroup;
			children = (
				C0C93A94301ECAA300D7FAB0 /* ResourceRunner.app */,
				C0C93AA1301ECAA400D7FAB0 /* ResourceRunnerTests.xctest */,
				C0C93AAB301ECAA400D7FAB0 /* ResourceRunnerUITests.xctest */,
			);
			name = Products;
			sourceTree = "<group>";
		};
/* End PBXGroup section */

/* Begin PBXNativeTarget section */
		C0C93A93301ECAA300D7FAB0 /* ResourceRunner */ = {
			isa = PBXNativeTarget;
			buildConfigurationList = C0C93AB5301ECAA400D7FAB0 /* Build configuration list for PBXNativeTarget "ResourceRunner" */;
			buildPhases = (
				C0C93A90301ECAA300D7FAB0 /* Sources */,
				C0C93A91301ECAA300D7FAB0 /* Frameworks */,
				C0C93A92301ECAA300D7FAB0 /* Resources */,
			);
			buildRules = (
			);
			dependencies = (
			);
			fileSystemSynchronizedGroups = (
				C0C93A96301ECAA300D7FAB0 /* ResourceRunner */,
			);
			name = ResourceRunner;
			packageProductDependencies = (
			);
			productName = ResourceRunner;
			productReference = C0C93A94301ECAA300D7FAB0 /* ResourceRunner.app */;
			productType = "com.apple.product-type.application";
		};
		C0C93AA0301ECAA400D7FAB0 /* ResourceRunnerTests */ = {
			isa = PBXNativeTarget;
			buildConfigurationList = C0C93AB8301ECAA400D7FAB0 /* Build configuration list for PBXNativeTarget "ResourceRunnerTests" */;
			buildPhases = (
				C0C93A9D301ECAA400D7FAB0 /* Sources */,
				C0C93A9E301ECAA400D7FAB0 /* Frameworks */,
				C0C93A9F301ECAA400D7FAB0 /* Resources */,
			);
			buildRules = (
			);
			dependencies = (
				C0C93AA3301ECAA400D7FAB0 /* PBXTargetDependency */,
			);
			fileSystemSynchronizedGroups = (
				C0C93AA4301ECAA400D7FAB0 /* ResourceRunnerTests */,
			);
			name = ResourceRunnerTests;
			packageProductDependencies = (
			);
			productName = ResourceRunnerTests;
			productReference = C0C93AA1301ECAA400D7FAB0 /* ResourceRunnerTests.xctest */;
			productType = "com.apple.product-type.bundle.unit-test";
		};
		C0C93AAA301ECAA400D7FAB0 /* ResourceRunnerUITests */ = {
			isa = PBXNativeTarget;
			buildConfigurationList = C0C93ABB301ECAA400D7FAB0 /* Build configuration list for PBXNativeTarget "ResourceRunnerUITests" */;
			buildPhases = (
				C0C93AA7301ECAA400D7FAB0 /* Sources */,
				C0C93AA8301ECAA400D7FAB0 /* Frameworks */,
				C0C93AA9301ECAA400D7FAB0 /* Resources */,
			);
			buildRules = (
			);
			dependencies = (
				C0C93AAD301ECAA400D7FAB0 /* PBXTargetDependency */,
			);
			fileSystemSynchronizedGroups = (
				C0C93AAE301ECAA400D7FAB0 /* ResourceRunnerUITests */,
			);
			name = ResourceRunnerUITests;
			packageProductDependencies = (
			);
			productName = ResourceRunnerUITests;
			productReference = C0C93AAB301ECAA400D7FAB0 /* ResourceRunnerUITests.xctest */;
			productType = "com.apple.product-type.bundle.ui-testing";
		};
/* End PBXNativeTarget section */

/* Begin PBXProject section */
		C0C93A8C301ECAA300D7FAB0 /* Project object */ = {
			isa = PBXProject;
			attributes = {
				BuildIndependentTargetsInParallel = 1;
				LastSwiftUpdateCheck = 2660;
				LastUpgradeCheck = 2660;
				TargetAttributes = {
					C0C93A93301ECAA300D7FAB0 = {
						CreatedOnToolsVersion = 26.6;
					};
					C0C93AA0301ECAA400D7FAB0 = {
						CreatedOnToolsVersion = 26.6;
						TestTargetID = C0C93A93301ECAA300D7FAB0;
					};
					C0C93AAA301ECAA400D7FAB0 = {
						CreatedOnToolsVersion = 26.6;
						TestTargetID = C0C93A93301ECAA300D7FAB0;
					};
				};
			};
			buildConfigurationList = C0C93A8F301ECAA300D7FAB0 /* Build configuration list for PBXProject "ResourceRunner" */;
			developmentRegion = en;
			hasScannedForEncodings = 0;
			knownRegions = (
				en,
				Base,
			);
			mainGroup = C0C93A8B301ECAA300D7FAB0;
			minimizedProjectReferenceProxies = 1;
			preferredProjectObjectVersion = 77;
			productRefGroup = C0C93A95301ECAA300D7FAB0 /* Products */;
			projectDirPath = "";
			projectRoot = "";
			targets = (
				C0C93A93301ECAA300D7FAB0 /* ResourceRunner */,
				C0C93AA0301ECAA400D7FAB0 /* ResourceRunnerTests */,
				C0C93AAA301ECAA400D7FAB0 /* ResourceRunnerUITests */,
			);
		};
/* End PBXProject section */

/* Begin PBXResourcesBuildPhase section */
		C0C93A92301ECAA300D7FAB0 /* Resources */ = {
			isa = PBXResourcesBuildPhase;
			buildActionMask = 2147483647;
			files = (
			);
			runOnlyForDeploymentPostprocessing = 0;
		};
		C0C93A9F301ECAA400D7FAB0 /* Resources */ = {
			isa = PBXResourcesBuildPhase;
			buildActionMask = 2147483647;
			files = (
			);
			runOnlyForDeploymentPostprocessing = 0;
		};
		C0C93AA9301ECAA400D7FAB0 /* Resources */ = {
			isa = PBXResourcesBuildPhase;
			buildActionMask = 2147483647;
			files = (
			);
			runOnlyForDeploymentPostprocessing = 0;
		};
/* End PBXResourcesBuildPhase section */

/* Begin PBXSourcesBuildPhase section */
		C0C93A90301ECAA300D7FAB0 /* Sources */ = {
			isa = PBXSourcesBuildPhase;
			buildActionMask = 2147483647;
			files = (
			);
			runOnlyForDeploymentPostprocessing = 0;
		};
		C0C93A9D301ECAA400D7FAB0 /* Sources */ = {
			isa = PBXSourcesBuildPhase;
			buildActionMask = 2147483647;
			files = (
			);
			runOnlyForDeploymentPostprocessing = 0;
		};
		C0C93AA7301ECAA400D7FAB0 /* Sources */ = {
			isa = PBXSourcesBuildPhase;
			buildActionMask = 2147483647;
			files = (
			);
			runOnlyForDeploymentPostprocessing = 0;
		};
/* End PBXSourcesBuildPhase section */

/* Begin PBXTargetDependency section */
		C0C93AA3301ECAA400D7FAB0 /* PBXTargetDependency */ = {
			isa = PBXTargetDependency;
			target = C0C93A93301ECAA300D7FAB0 /* ResourceRunner */;
			targetProxy = C0C93AA2301ECAA400D7FAB0 /* PBXContainerItemProxy */;
		};
		C0C93AAD301ECAA400D7FAB0 /* PBXTargetDependency */ = {
			isa = PBXTargetDependency;
			target = C0C93A93301ECAA300D7FAB0 /* ResourceRunner */;
			targetProxy = C0C93AAC301ECAA400D7FAB0 /* PBXContainerItemProxy */;
		};
/* End PBXTargetDependency section */

/* Begin XCBuildConfiguration section */
		C0C93AB3301ECAA400D7FAB0 /* Debug */ = {
			isa = XCBuildConfiguration;
			buildSettings = {
				ALWAYS_SEARCH_USER_PATHS = NO;
				ASSETCATALOG_COMPILER_GENERATE_SWIFT_ASSET_SYMBOL_EXTENSIONS = YES;
				CLANG_ANALYZER_NONNULL = YES;
				CLANG_ANALYZER_NUMBER_OBJECT_CONVERSION = YES_AGGRESSIVE;
				CLANG_CXX_LANGUAGE_STANDARD = "gnu++20";
				CLANG_ENABLE_MODULES = YES;
				CLANG_ENABLE_OBJC_ARC = YES;
				CLANG_ENABLE_OBJC_WEAK = YES;
				CLANG_WARN_BLOCK_CAPTURE_AUTORELEASING = YES;
				CLANG_WARN_BOOL_CONVERSION = YES;
				CLANG_WARN_COMMA = YES;
				CLANG_WARN_CONSTANT_CONVERSION = YES;
				CLANG_WARN_DEPRECATED_OBJC_IMPLEMENTATIONS = YES;
				CLANG_WARN_DIRECT_OBJC_ISA_USAGE = YES_ERROR;
				CLANG_WARN_DOCUMENTATION_COMMENTS = YES;
				CLANG_WARN_EMPTY_BODY = YES;
				CLANG_WARN_ENUM_CONVERSION = YES;
				CLANG_WARN_INFINITE_RECURSION = YES;
				CLANG_WARN_INT_CONVERSION = YES;
				CLANG_WARN_NON_LITERAL_NULL_CONVERSION = YES;
				CLANG_WARN_OBJC_IMPLICIT_RETAIN_SELF = YES;
				CLANG_WARN_OBJC_LITERAL_CONVERSION = YES;
				CLANG_WARN_OBJC_ROOT_CLASS = YES_ERROR;
				CLANG_WARN_QUOTED_INCLUDE_IN_FRAMEWORK_HEADER = YES;
				CLANG_WARN_RANGE_LOOP_ANALYSIS = YES;
				CLANG_WARN_STRICT_PROTOTYPES = YES;
				CLANG_WARN_SUSPICIOUS_MOVE = YES;
				CLANG_WARN_UNGUARDED_AVAILABILITY = YES_AGGRESSIVE;
				CLANG_WARN_UNREACHABLE_CODE = YES;
				CLANG_WARN__DUPLICATE_METHOD_MATCH = YES;
				COPY_PHASE_STRIP = NO;
				DEBUG_INFORMATION_FORMAT = dwarf;
				ENABLE_STRICT_OBJC_MSGSEND = YES;
				ENABLE_TESTABILITY = YES;
				ENABLE_USER_SCRIPT_SANDBOXING = YES;
				GCC_C_LANGUAGE_STANDARD = gnu17;
				GCC_DYNAMIC_NO_PIC = NO;
				GCC_NO_COMMON_BLOCKS = YES;
				GCC_OPTIMIZATION_LEVEL = 0;
				GCC_PREPROCESSOR_DEFINITIONS = (
					"DEBUG=1",
					"$(inherited)",
				);
				GCC_WARN_64_TO_32_BIT_CONVERSION = YES;
				GCC_WARN_ABOUT_RETURN_TYPE = YES_ERROR;
				GCC_WARN_UNDECLARED_SELECTOR = YES;
				GCC_WARN_UNINITIALIZED_AUTOS = YES_AGGRESSIVE;
				GCC_WARN_UNUSED_FUNCTION = YES;
				GCC_WARN_UNUSED_VARIABLE = YES;
				LOCALIZATION_PREFERS_STRING_CATALOGS = YES;
				MACOSX_DEPLOYMENT_TARGET = 26.5;
				MTL_ENABLE_DEBUG_INFO = INCLUDE_SOURCE;
				MTL_FAST_MATH = YES;
				ONLY_ACTIVE_ARCH = YES;
				SDKROOT = macosx;
				SWIFT_ACTIVE_COMPILATION_CONDITIONS = "DEBUG $(inherited)";
				SWIFT_OPTIMIZATION_LEVEL = "-Onone";
			};
			name = Debug;
		};
		C0C93AB4301ECAA400D7FAB0 /* Release */ = {
			isa = XCBuildConfiguration;
			buildSettings = {
				ALWAYS_SEARCH_USER_PATHS = NO;
				ASSETCATALOG_COMPILER_GENERATE_SWIFT_ASSET_SYMBOL_EXTENSIONS = YES;
				CLANG_ANALYZER_NONNULL = YES;
				CLANG_ANALYZER_NUMBER_OBJECT_CONVERSION = YES_AGGRESSIVE;
				CLANG_CXX_LANGUAGE_STANDARD = "gnu++20";
				CLANG_ENABLE_MODULES = YES;
				CLANG_ENABLE_OBJC_ARC = YES;
				CLANG_ENABLE_OBJC_WEAK = YES;
				CLANG_WARN_BLOCK_CAPTURE_AUTORELEASING = YES;
				CLANG_WARN_BOOL_CONVERSION = YES;
				CLANG_WARN_COMMA = YES;
				CLANG_WARN_CONSTANT_CONVERSION = YES;
				CLANG_WARN_DEPRECATED_OBJC_IMPLEMENTATIONS = YES;
				CLANG_WARN_DIRECT_OBJC_ISA_USAGE = YES_ERROR;
				CLANG_WARN_DOCUMENTATION_COMMENTS = YES;
				CLANG_WARN_EMPTY_BODY = YES;
				CLANG_WARN_ENUM_CONVERSION = YES;
				CLANG_WARN_INFINITE_RECURSION = YES;
				CLANG_WARN_INT_CONVERSION = YES;
				CLANG_WARN_NON_LITERAL_NULL_CONVERSION = YES;
				CLANG_WARN_OBJC_IMPLICIT_RETAIN_SELF = YES;
				CLANG_WARN_OBJC_LITERAL_CONVERSION = YES;
				CLANG_WARN_OBJC_ROOT_CLASS = YES_ERROR;
				CLANG_WARN_QUOTED_INCLUDE_IN_FRAMEWORK_HEADER = YES;
				CLANG_WARN_RANGE_LOOP_ANALYSIS = YES;
				CLANG_WARN_STRICT_PROTOTYPES = YES;
				CLANG_WARN_SUSPICIOUS_MOVE = YES;
				CLANG_WARN_UNGUARDED_AVAILABILITY = YES_AGGRESSIVE;
				CLANG_WARN_UNREACHABLE_CODE = YES;
				CLANG_WARN__DUPLICATE_METHOD_MATCH = YES;
				COPY_PHASE_STRIP = NO;
				DEBUG_INFORMATION_FORMAT = "dwarf-with-dsym";
				ENABLE_NS_ASSERTIONS = NO;
				ENABLE_STRICT_OBJC_MSGSEND = YES;
				ENABLE_USER_SCRIPT_SANDBOXING = YES;
				GCC_C_LANGUAGE_STANDARD = gnu17;
				GCC_NO_COMMON_BLOCKS = YES;
				GCC_WARN_64_TO_32_BIT_CONVERSION = YES;
				GCC_WARN_ABOUT_RETURN_TYPE = YES_ERROR;
				GCC_WARN_UNDECLARED_SELECTOR = YES;
				GCC_WARN_UNINITIALIZED_AUTOS = YES_AGGRESSIVE;
				GCC_WARN_UNUSED_FUNCTION = YES;
				GCC_WARN_UNUSED_VARIABLE = YES;
				LOCALIZATION_PREFERS_STRING_CATALOGS = YES;
				MACOSX_DEPLOYMENT_TARGET = 26.5;
				MTL_ENABLE_DEBUG_INFO = NO;
				MTL_FAST_MATH = YES;
				SDKROOT = macosx;
				SWIFT_COMPILATION_MODE = wholemodule;
			};
			name = Release;
		};
		C0C93AB6301ECAA400D7FAB0 /* Debug */ = {
			isa = XCBuildConfiguration;
			buildSettings = {
				ARCHS = arm64;
				ASSETCATALOG_COMPILER_APPICON_NAME = AppIcon;
				ASSETCATALOG_COMPILER_GLOBAL_ACCENT_COLOR_NAME = AccentColor;
				CODE_SIGN_STYLE = Automatic;
				COMBINE_HIDPI_IMAGES = YES;
				CURRENT_PROJECT_VERSION = 1;
				ENABLE_APP_SANDBOX = YES;
				ENABLE_PREVIEWS = YES;
				ENABLE_USER_SELECTED_FILES = readonly;
				GENERATE_INFOPLIST_FILE = YES;
				INFOPLIST_KEY_LSUIElement = YES;
				INFOPLIST_KEY_NSHumanReadableCopyright = "";
				LD_RUNPATH_SEARCH_PATHS = (
					"$(inherited)",
					"@executable_path/../Frameworks",
				);
				MARKETING_VERSION = 1.0;
				PRODUCT_BUNDLE_IDENTIFIER = com.zipkero.ResourceRunner;
				PRODUCT_NAME = "$(TARGET_NAME)";
				REGISTER_APP_GROUPS = YES;
				STRING_CATALOG_GENERATE_SYMBOLS = YES;
				SWIFT_APPROACHABLE_CONCURRENCY = YES;
				SWIFT_DEFAULT_ACTOR_ISOLATION = MainActor;
				SWIFT_EMIT_LOC_STRINGS = YES;
				SWIFT_UPCOMING_FEATURE_MEMBER_IMPORT_VISIBILITY = YES;
				SWIFT_VERSION = 5.0;
			};
			name = Debug;
		};
		C0C93AB7301ECAA400D7FAB0 /* Release */ = {
			isa = XCBuildConfiguration;
			buildSettings = {
				ARCHS = arm64;
				ASSETCATALOG_COMPILER_APPICON_NAME = AppIcon;
				ASSETCATALOG_COMPILER_GLOBAL_ACCENT_COLOR_NAME = AccentColor;
				CODE_SIGN_STYLE = Automatic;
				COMBINE_HIDPI_IMAGES = YES;
				CURRENT_PROJECT_VERSION = 1;
				ENABLE_APP_SANDBOX = YES;
				ENABLE_PREVIEWS = YES;
				ENABLE_USER_SELECTED_FILES = readonly;
				GENERATE_INFOPLIST_FILE = YES;
				INFOPLIST_KEY_LSUIElement = YES;
				INFOPLIST_KEY_NSHumanReadableCopyright = "";
				LD_RUNPATH_SEARCH_PATHS = (
					"$(inherited)",
					"@executable_path/../Frameworks",
				);
				MARKETING_VERSION = 1.0;
				PRODUCT_BUNDLE_IDENTIFIER = com.zipkero.ResourceRunner;
				PRODUCT_NAME = "$(TARGET_NAME)";
				REGISTER_APP_GROUPS = YES;
				STRING_CATALOG_GENERATE_SYMBOLS = YES;
				SWIFT_APPROACHABLE_CONCURRENCY = YES;
				SWIFT_DEFAULT_ACTOR_ISOLATION = MainActor;
				SWIFT_EMIT_LOC_STRINGS = YES;
				SWIFT_UPCOMING_FEATURE_MEMBER_IMPORT_VISIBILITY = YES;
				SWIFT_VERSION = 5.0;
			};
			name = Release;
		};
		C0C93AB9301ECAA400D7FAB0 /* Debug */ = {
			isa = XCBuildConfiguration;
			buildSettings = {
				BUNDLE_LOADER = "$(TEST_HOST)";
				CODE_SIGN_STYLE = Automatic;
				CURRENT_PROJECT_VERSION = 1;
				GENERATE_INFOPLIST_FILE = YES;
				MACOSX_DEPLOYMENT_TARGET = 26.5;
				MARKETING_VERSION = 1.0;
				PRODUCT_BUNDLE_IDENTIFIER = com.zipkero.ResourceRunnerTests;
				PRODUCT_NAME = "$(TARGET_NAME)";
				STRING_CATALOG_GENERATE_SYMBOLS = NO;
				SWIFT_APPROACHABLE_CONCURRENCY = YES;
				SWIFT_EMIT_LOC_STRINGS = NO;
				SWIFT_UPCOMING_FEATURE_MEMBER_IMPORT_VISIBILITY = YES;
				SWIFT_VERSION = 5.0;
				TEST_HOST = "$(BUILT_PRODUCTS_DIR)/ResourceRunner.app/$(BUNDLE_EXECUTABLE_FOLDER_PATH)/ResourceRunner";
			};
			name = Debug;
		};
		C0C93ABA301ECAA400D7FAB0 /* Release */ = {
			isa = XCBuildConfiguration;
			buildSettings = {
				BUNDLE_LOADER = "$(TEST_HOST)";
				CODE_SIGN_STYLE = Automatic;
				CURRENT_PROJECT_VERSION = 1;
				GENERATE_INFOPLIST_FILE = YES;
				MACOSX_DEPLOYMENT_TARGET = 26.5;
				MARKETING_VERSION = 1.0;
				PRODUCT_BUNDLE_IDENTIFIER = com.zipkero.ResourceRunnerTests;
				PRODUCT_NAME = "$(TARGET_NAME)";
				STRING_CATALOG_GENERATE_SYMBOLS = NO;
				SWIFT_APPROACHABLE_CONCURRENCY = YES;
				SWIFT_EMIT_LOC_STRINGS = NO;
				SWIFT_UPCOMING_FEATURE_MEMBER_IMPORT_VISIBILITY = YES;
				SWIFT_VERSION = 5.0;
				TEST_HOST = "$(BUILT_PRODUCTS_DIR)/ResourceRunner.app/$(BUNDLE_EXECUTABLE_FOLDER_PATH)/ResourceRunner";
			};
			name = Release;
		};
		C0C93ABC301ECAA400D7FAB0 /* Debug */ = {
			isa = XCBuildConfiguration;
			buildSettings = {
				CODE_SIGN_STYLE = Automatic;
				CURRENT_PROJECT_VERSION = 1;
				GENERATE_INFOPLIST_FILE = YES;
				MARKETING_VERSION = 1.0;
				PRODUCT_BUNDLE_IDENTIFIER = com.zipkero.ResourceRunnerUITests;
				PRODUCT_NAME = "$(TARGET_NAME)";
				STRING_CATALOG_GENERATE_SYMBOLS = NO;
				SWIFT_APPROACHABLE_CONCURRENCY = YES;
				SWIFT_EMIT_LOC_STRINGS = NO;
				SWIFT_UPCOMING_FEATURE_MEMBER_IMPORT_VISIBILITY = YES;
				SWIFT_VERSION = 5.0;
				TEST_TARGET_NAME = ResourceRunner;
			};
			name = Debug;
		};
		C0C93ABD301ECAA400D7FAB0 /* Release */ = {
			isa = XCBuildConfiguration;
			buildSettings = {
				CODE_SIGN_STYLE = Automatic;
				CURRENT_PROJECT_VERSION = 1;
				GENERATE_INFOPLIST_FILE = YES;
				MARKETING_VERSION = 1.0;
				PRODUCT_BUNDLE_IDENTIFIER = com.zipkero.ResourceRunnerUITests;
				PRODUCT_NAME = "$(TARGET_NAME)";
				STRING_CATALOG_GENERATE_SYMBOLS = NO;
				SWIFT_APPROACHABLE_CONCURRENCY = YES;
				SWIFT_EMIT_LOC_STRINGS = NO;
				SWIFT_UPCOMING_FEATURE_MEMBER_IMPORT_VISIBILITY = YES;
				SWIFT_VERSION = 5.0;
				TEST_TARGET_NAME = ResourceRunner;
			};
			name = Release;
		};
/* End XCBuildConfiguration section */

/* Begin XCConfigurationList section */
		C0C93A8F301ECAA300D7FAB0 /* Build configuration list for PBXProject "ResourceRunner" */ = {
			isa = XCConfigurationList;
			buildConfigurations = (
				C0C93AB3301ECAA400D7FAB0 /* Debug */,
				C0C93AB4301ECAA400D7FAB0 /* Release */,
			);
			defaultConfigurationIsVisible = 0;
			defaultConfigurationName = Release;
		};
		C0C93AB5301ECAA400D7FAB0 /* Build configuration list for PBXNativeTarget "ResourceRunner" */ = {
			isa = XCConfigurationList;
			buildConfigurations = (
				C0C93AB6301ECAA400D7FAB0 /* Debug */,
				C0C93AB7301ECAA400D7FAB0 /* Release */,
			);
			defaultConfigurationIsVisible = 0;
			defaultConfigurationName = Release;
		};
		C0C93AB8301ECAA400D7FAB0 /* Build configuration list for PBXNativeTarget "ResourceRunnerTests" */ = {
			isa = XCConfigurationList;
			buildConfigurations = (
				C0C93AB9301ECAA400D7FAB0 /* Debug */,
				C0C93ABA301ECAA400D7FAB0 /* Release */,
			);
			defaultConfigurationIsVisible = 0;
			defaultConfigurationName = Release;
		};
		C0C93ABB301ECAA400D7FAB0 /* Build configuration list for PBXNativeTarget "ResourceRunnerUITests" */ = {
			isa = XCConfigurationList;
			buildConfigurations = (
				C0C93ABC301ECAA400D7FAB0 /* Debug */,
				C0C93ABD301ECAA400D7FAB0 /* Release */,
			);
			defaultConfigurationIsVisible = 0;
			defaultConfigurationName = Release;
		};
/* End XCConfigurationList section */
	};
	rootObject = C0C93A8C301ECAA300D7FAB0 /* Project object */;
}
